<?xml version="1.0" encoding="utf-8"?>
<Project ToolsVersion="4.0" xmlns="http://schemas.microsoft.com/developer/msbuild/2003">
  <ItemGroup>
    <Filter Include="Source">
      <UniqueIdentifier>{248a3dd3-1e8c-4e48-835a-4f07a6e6f874}</UniqueIdentifier>
    </Filter>
    <Filter Include="Header">
      <UniqueIdentifier>{6f3e3a01-5019-4c34-9931-3cac8c187e75}</UniqueIdentifier>
    </Filter>
  </ItemGroup>
</Project>