<?xml version="1.0" encoding="utf-8"?>
<Project ToolsVersion="4.0" xmlns="http://schemas.microsoft.com/developer/msbuild/2003">
  <ItemGroup>
    <ClCompile Include="Engine.cpp">
      <Filter>Source</Filter>
    </ClCompile>
    <ClCompile Include="Game_Controller.cpp">
      <Filter>Source</Filter>
    </ClCompile>
    <ClCompile Include="SceneManager.cpp">
      <Filter>Source\Scenes</Filter>
    </ClCompile>
    <ClCompile Include="GameScene.cpp">
      <Filter>Source\Scenes</Filter>
    </ClCompile>
    <ClCompile Include="Background.cpp">
      <Filter>Source\GameObjects</Filter>
    </ClCompile>
    <ClCompile Include="BaseCamera.cpp">
      <Filter>Source\GameObjects</Filter>
    </ClCompile>
    <ClCompile Include="Collectible.cpp">
      <Filter>Source\GameObjects</Filter>
    </ClCompile>
    <ClCompile Include="Enemy.cpp">
      <Filter>Source\GameObjects</Filter>
    </ClCompile>
    <ClCompile Include="Platforms.cpp">
      <Filter>Source\GameObjects</Filter>
    </ClCompile>
    <ClCompile Include="Scene.cpp">
      <Filter>Source\Scenes</Filter>
    </ClCompile>
    <ClCompile Include="MainMenu.cpp">
      <Filter>Source\Scenes</Filter>
    </ClCompile>
    <ClCompile Include="LevelEditor.cpp">
      <Filter>Source\Scenes</Filter>
    </ClCompile>
    <ClCompile Include="Button.cpp">
      <Filter>Source\UIElements</Filter>
    </ClCompile>
    <ClCompile Include="GameData.cpp">
      <Filter>Source</Filter>
    </ClCompile>
    <ClCompile Include="GameObject.cpp">
      <Filter>Source\GameObjects</Filter>
    </ClCompile>
    <ClCompile Include="Player.cpp">
      <Filter>Source\GameObjects</Filter>
    </ClCompile>
    <ClCompile Include="Object_Factory.cpp">
      <Filter>Source</Filter>
    </ClCompile>
    <ClCompile Include="AnimatedSprite.cpp">
      <Filter>Source</Filter>
    </ClCompile>
    <ClCompile Include="Collision_Manager.cpp">
      <Filter>Source</Filter>
    </ClCompile>
    <ClCompile Include="Sprite.cpp">
      <Filter>Source</Filter>
    </ClCompile>
  </ItemGroup>
  <ItemGroup>
    <ClInclude Include="Engine.h">
      <Filter>Header</Filter>
    </ClInclude>
    <ClInclude Include="Enum_container.h">
      <Filter>Header</Filter>
    </ClInclude>
    <ClInclude Include="Game_Controller.h">
      <Filter>Header</Filter>
    </ClInclude>
    <ClInclude Include="Background.h">
      <Filter>Header\GameObjects</Filter>
    </ClInclude>
    <ClInclude Include="BaseCamera.h">
      <Filter>Header\GameObjects</Filter>
    </ClInclude>
    <ClInclude Include="Collectible.h">
      <Filter>Header\GameObjects</Filter>
    </ClInclude>
    <ClInclude Include="Enemy.h">
      <Filter>Header\GameObjects</Filter>
    </ClInclude>
    <ClInclude Include="Platforms.h">
      <Filter>Header\GameObjects</Filter>
    </ClInclude>
    <ClInclude Include="SceneManager.h">
      <Filter>Header\Scenes</Filter>
    </ClInclude>
    <ClInclude Include="Scene.h">
      <Filter>Header\Scenes</Filter>
    </ClInclude>
    <ClInclude Include="GameScene.h">
      <Filter>Header\Scenes</Filter>
    </ClInclude>
    <ClInclude Include="MainMenu.h">
      <Filter>Header\Scenes</Filter>
    </ClInclude>
    <ClInclude Include="LevelEditor.h">
      <Filter>Header\Scenes</Filter>
    </ClInclude>
    <ClInclude Include="Button.h">
      <Filter>Header\UIElements</Filter>
    </ClInclude>
    <ClInclude Include="GameData.h">
      <Filter>Header</Filter>
    </ClInclude>
    <ClInclude Include="GameObject.h">
      <Filter>Header\GameObjects</Filter>
    </ClInclude>
    <ClInclude Include="Player.h">
      <Filter>Header\GameObjects</Filter>
    </ClInclude>
    <ClInclude Include="Object_Factory.h">
      <Filter>Header</Filter>
    </ClInclude>
    <ClInclude Include="AnimatedSprite.h">
      <Filter>Header</Filter>
    </ClInclude>
    <ClInclude Include="Collision_Manager.h">
      <Filter>Header</Filter>
    </ClInclude>
    <ClInclude Include="Sprite.h">
      <Filter>Header</Filter>
    </ClInclude>
  </ItemGroup>
  <ItemGroup>
    <Filter Include="Header">
      <UniqueIdentifier>{744b34e8-4ece-44da-9afa-6bdc1586cf6f}</UniqueIdentifier>
    </Filter>
    <Filter Include="Source">
      <UniqueIdentifier>{1dfd9d90-f86c-47d9-ba33-b2bf60d72d57}</UniqueIdentifier>
    </Filter>
    <Filter Include="Header\Scenes">
      <UniqueIdentifier>{c5d4e537-cff9-4205-b769-6fa4bc892e0d}</UniqueIdentifier>
    </Filter>
    <Filter Include="Source\Scenes">
      <UniqueIdentifier>{043215e3-ef22-4063-a701-a425c3a1ec17}</UniqueIdentifier>
    </Filter>
    <Filter Include="Header\GameObjects">
      <UniqueIdentifier>{3479483a-1814-4ad9-84d5-581c1096eb3b}</UniqueIdentifier>
    </Filter>
    <Filter Include="Source\GameObjects">
      <UniqueIdentifier>{243af841-ba78-49e6-84e7-dbad03b7396a}</UniqueIdentifier>
    </Filter>
    <Filter Include="Header\UIElements">
      <UniqueIdentifier>{f46aef8d-3b11-48d5-878c-692ca08a1713}</UniqueIdentifier>
    </Filter>
    <Filter Include="Source\UIElements">
      <UniqueIdentifier>{3e83ee4c-2b93-4a79-9395-f134005517eb}</UniqueIdentifier>
    </Filter>
  </ItemGroup>
</Project>