<?xml version="1.0" encoding="utf-8"?>
<Project ToolsVersion="4.0" xmlns="http://schemas.microsoft.com/developer/msbuild/2003">
  <ItemGroup>
    <Filter Include="Fonts">
      <UniqueIdentifier>{27d945df-6801-4676-b1f2-9b171e8b0425}</UniqueIdentifier>
    </Filter>
    <Filter Include="Shaders">
      <UniqueIdentifier>{8e595723-add9-42f2-8215-4fcf74f338ac}</UniqueIdentifier>
    </Filter>
    <Filter Include="Textures">
      <UniqueIdentifier>{d0ca2129-2972-476d-82a9-1f0a9000b117}</UniqueIdentifier>
    </Filter>
    <Filter Include="Textures\BG">
      <UniqueIdentifier>{7933e860-9705-4bf6-9ec6-a0dba96bbb9e}</UniqueIdentifier>
    </Filter>
    <Filter Include="Textures\UI">
      <UniqueIdentifier>{d01b4e8c-8250-4542-bced-8714292ce2c6}</UniqueIdentifier>
    </Filter>
    <Filter Include="Textures\Platforms">
      <UniqueIdentifier>{213f106a-49bf-418d-98e8-dc41a4da9094}</UniqueIdentifier>
    </Filter>
    <Filter Include="Sounds">
      <UniqueIdentifier>{6fd71c95-d70d-4317-a469-6a5c8b0cf62f}</UniqueIdentifier>
    </Filter>
    <Filter Include="Textures\GameObjects">
      <UniqueIdentifier>{b617949f-8465-4b07-9792-95b3989b6286}</UniqueIdentifier>
    </Filter>
    <Filter Include="Textures\Characters">
      <UniqueIdentifier>{64e51108-9aaa-445b-bb28-998ea1797db7}</UniqueIdentifier>
    </Filter>
  </ItemGroup>
  <ItemGroup>
    <None Include="shader.fx">
      <Filter>Shaders</Filter>
    </None>
    <None Include="Fonts\italic.spritefont">
      <Filter>Fonts</Filter>
    </None>
    <None Include="Fonts\yoster.spritefont">
      <Filter>Fonts</Filter>
    </None>
  </ItemGroup>
  <ItemGroup>
    <ImageContentTask Include="BG\01_ground.png">
      <Filter>Textures\BG</Filter>
    </ImageContentTask>
    <ImageContentTask Include="BG\02_trees and bushes.png">
      <Filter>Textures\BG</Filter>
    </ImageContentTask>
    <ImageContentTask Include="BG\03_distant_trees.png">
      <Filter>Textures\BG</Filter>
    </ImageContentTask>
    <ImageContentTask Include="BG\04_bushes.png">
      <Filter>Textures\BG</Filter>
    </ImageContentTask>
    <ImageContentTask Include="BG\05_hill1.png">
      <Filter>Textures\BG</Filter>
    </ImageContentTask>
    <ImageContentTask Include="BG\06_hill2.png">
      <Filter>Textures\BG</Filter>
    </ImageContentTask>
    <ImageContentTask Include="BG\07_huge_clouds.png">
      <Filter>Textures\BG</Filter>
    </ImageContentTask>
    <ImageContentTask Include="BG\08_clouds.png">
      <Filter>Textures\BG</Filter>
    </ImageContentTask>
    <ImageContentTask Include="BG\09_distant_clouds1.png">
      <Filter>Textures\BG</Filter>
    </ImageContentTask>
    <ImageContentTask Include="BG\10_distant_clouds.png">
      <Filter>Textures\BG</Filter>
    </ImageContentTask>
    <ImageContentTask Include="BG\11_background.png">
      <Filter>Textures\BG</Filter>
    </ImageContentTask>
    <ImageContentTask Include="Characters\enemy_sprite.png">
      <Filter>Textures\Characters</Filter>
    </ImageContentTask>
    <ImageContentTask Include="Characters\player_sprite.png">
      <Filter>Textures\Characters</Filter>
    </ImageContentTask>
    <ImageContentTask Include="GameObjects\bullet.png">
      <Filter>Textures\GameObjects</Filter>
    </ImageContentTask>
    <ImageContentTask Include="GameObjects\coin sprite shee.jpg">
      <Filter>Textures\GameObjects</Filter>
    </ImageContentTask>
    <ImageContentTask Include="GameObjects\coin.png">
      <Filter>Textures\GameObjects</Filter>
    </ImageContentTask>
    <ImageContentTask Include="GameObjects\Ladder.png">
      <Filter>Textures\GameObjects</Filter>
    </ImageContentTask>
    <ImageContentTask Include="GameObjects\Rope.png">
      <Filter>Textures\GameObjects</Filter>
    </ImageContentTask>
    <ImageContentTask Include="Platforms\ConveyorPlatform.png">
      <Filter>Textures\Platforms</Filter>
    </ImageContentTask>
    <ImageContentTask Include="Platforms\JumpPlatform.png">
      <Filter>Textures\Platforms</Filter>
    </ImageContentTask>
    <ImageContentTask Include="Platforms\platform.png">
      <Filter>Textures\Platforms</Filter>
    </ImageContentTask>
    <ImageContentTask Include="Platforms\SlowPlatform.png">
      <Filter>Textures\Platforms</Filter>
    </ImageContentTask>
    <ImageContentTask Include="Platforms\SpeedPlatform.png">
      <Filter>Textures\Platforms</Filter>
    </ImageContentTask>
    <ImageContentTask Include="Platforms\StickyPlatform.png">
      <Filter>Textures\Platforms</Filter>
    </ImageContentTask>
    <ImageContentTask Include="UI\logo_small.png">
      <Filter>Textures\UI</Filter>
    </ImageContentTask>
    <ImageContentTask Include="UI\minus-icon.png">
      <Filter>Textures\UI</Filter>
    </ImageContentTask>
    <ImageContentTask Include="UI\mute-icon.png">
      <Filter>Textures\UI</Filter>
    </ImageContentTask>
    <ImageContentTask Include="UI\plus-icon.png">
      <Filter>Textures\UI</Filter>
    </ImageContentTask>
    <ImageContentTask Include="UI\sign-1.png">
      <Filter>Textures\UI</Filter>
    </ImageContentTask>
    <ImageContentTask Include="UI\sign-2.png">
      <Filter>Textures\UI</Filter>
    </ImageContentTask>
    <ImageContentTask Include="UI\sign-3.png">
      <Filter>Textures\UI</Filter>
    </ImageContentTask>
    <ImageContentTask Include="UI\TrashCan.png">
      <Filter>Textures\UI</Filter>
    </ImageContentTask>
    <ImageContentTask Include="UI\Unmute-icon.png">
      <Filter>Textures\UI</Filter>
    </ImageContentTask>
    <ImageContentTask Include="Characters\Waypoint.png">
      <Filter>Textures\Characters</Filter>
    </ImageContentTask>
    <ImageContentTask Include="Platforms\StandardPlatform.png">
      <Filter>Textures\Platforms</Filter>
    </ImageContentTask>
    <ImageContentTask Include="Platforms\StandardPlatformLong.png">
      <Filter>Textures\Platforms</Filter>
    </ImageContentTask>
    <ImageContentTask Include="Platforms\PlatformWaypoint.png">
      <Filter>Textures\Platforms</Filter>
    </ImageContentTask>
    <ImageContentTask Include="UI\Button.png">
      <Filter>Textures\UI</Filter>
    </ImageContentTask>
    <ImageContentTask Include="GameObjects\Door.png">
      <Filter>Textures\GameObjects</Filter>
    </ImageContentTask>
    <ImageContentTask Include="Characters\Cannon.png">
      <Filter>Textures\Characters</Filter>
    </ImageContentTask>
    <ImageContentTask Include="BG\GameOverBackground.png">
      <Filter>Textures\BG</Filter>
    </ImageContentTask>
    <ImageContentTask Include="BG\GO_BG.png">
      <Filter>Textures\BG</Filter>
    </ImageContentTask>
    <ImageContentTask Include="BG\GO_BG2.png">
      <Filter>Textures\BG</Filter>
    </ImageContentTask>
    <ImageContentTask Include="UI\Button3.png">
      <Filter>Textures\UI</Filter>
    </ImageContentTask>
  </ItemGroup>
  <ItemGroup>
    <Image Include="Platforms\StairsLeft.png">
      <Filter>Textures\Platforms</Filter>
    </Image>
    <Image Include="Platforms\StairsRight.png">
      <Filter>Textures\Platforms</Filter>
    </Image>
  </ItemGroup>
</Project>