<?xml version="1.0" encoding="utf-8"?>
<Project ToolsVersion="4.0" xmlns="http://schemas.microsoft.com/developer/msbuild/2003">
  <ItemGroup>
    <Filter Include="Fonts">
      <UniqueIdentifier>{27d945df-6801-4676-b1f2-9b171e8b0425}</UniqueIdentifier>
    </Filter>
    <Filter Include="Shaders">
      <UniqueIdentifier>{8e595723-add9-42f2-8215-4fcf74f338ac}</UniqueIdentifier>
    </Filter>
    <Filter Include="Models">
      <UniqueIdentifier>{64fc769d-bad4-4c24-bf49-281a0d86541d}</UniqueIdentifier>
    </Filter>
    <Filter Include="VBGO Files">
      <UniqueIdentifier>{3a8825a5-02bb-4758-9e25-9d85f225fd2b}</UniqueIdentifier>
    </Filter>
    <Filter Include="Textures">
      <UniqueIdentifier>{d0ca2129-2972-476d-82a9-1f0a9000b117}</UniqueIdentifier>
    </Filter>
    <Filter Include="Textures\BG">
      <UniqueIdentifier>{7933e860-9705-4bf6-9ec6-a0dba96bbb9e}</UniqueIdentifier>
    </Filter>
    <Filter Include="Textures\UI">
      <UniqueIdentifier>{37599edf-0441-4512-a841-710aa03815a2}</UniqueIdentifier>
    </Filter>
  </ItemGroup>
  <ItemGroup>
    <None Include="italic.spritefont">
      <Filter>Fonts</Filter>
    </None>
    <None Include="shader.fx">
      <Filter>Shaders</Filter>
    </None>
    <None Include="yoster.ttf">
      <Filter>Fonts</Filter>
    </None>
  </ItemGroup>
  <ItemGroup>
    <MeshContentTask Include="Bird\BirdModelV1.fbx">
      <Filter>Models</Filter>
    </MeshContentTask>
    <MeshContentTask Include="Table\table.FBX">
      <Filter>Models</Filter>
    </MeshContentTask>
    <MeshContentTask Include="Vase\JEMINA vase -up.fbx">
      <Filter>Models</Filter>
    </MeshContentTask>
  </ItemGroup>
  <ItemGroup>
    <Text Include="baseline.txt">
      <Filter>VBGO Files</Filter>
    </Text>
    <Text Include="cube.txt">
      <Filter>VBGO Files</Filter>
    </Text>
    <Text Include="terrainTex.txt">
      <Filter>VBGO Files</Filter>
    </Text>
  </ItemGroup>
  <ItemGroup>
    <ImageContentTask Include="grass.jpg">
      <Filter>Textures</Filter>
    </ImageContentTask>
    <ImageContentTask Include="white.jpg">
      <Filter>Textures</Filter>
    </ImageContentTask>
    <ImageContentTask Include="logo_small.png">
      <Filter>Textures</Filter>
    </ImageContentTask>
    <ImageContentTask Include="coin.png">
      <Filter>Textures</Filter>
    </ImageContentTask>
    <ImageContentTask Include="SlowPlatform.png">
      <Filter>Textures</Filter>
    </ImageContentTask>
    <ImageContentTask Include="SpeedPlatform.png">
      <Filter>Textures</Filter>
    </ImageContentTask>
    <ImageContentTask Include="StickyPlatform.png">
      <Filter>Textures</Filter>
    </ImageContentTask>
    <ImageContentTask Include="ConveyorPlatform.png">
      <Filter>Textures</Filter>
    </ImageContentTask>
    <ImageContentTask Include="player_sprite.png">
      <Filter>Textures</Filter>
    </ImageContentTask>
    <ImageContentTask Include="Ladder.png">
      <Filter>Textures</Filter>
    </ImageContentTask>
    <ImageContentTask Include="JumpPlatform.png">
      <Filter>Textures</Filter>
    </ImageContentTask>
    <ImageContentTask Include="StandardPlatform.png">
      <Filter>Textures</Filter>
    </ImageContentTask>
    <ImageContentTask Include="enemy_sprite.png">
      <Filter>Textures</Filter>
    </ImageContentTask>
    <ImageContentTask Include="BG\01_ground.png">
      <Filter>Textures\BG</Filter>
    </ImageContentTask>
    <ImageContentTask Include="BG\02_trees and bushes.png">
      <Filter>Textures\BG</Filter>
    </ImageContentTask>
    <ImageContentTask Include="BG\03_distant_trees.png">
      <Filter>Textures\BG</Filter>
    </ImageContentTask>
    <ImageContentTask Include="BG\04_bushes.png">
      <Filter>Textures\BG</Filter>
    </ImageContentTask>
    <ImageContentTask Include="BG\05_hill1.png">
      <Filter>Textures\BG</Filter>
    </ImageContentTask>
    <ImageContentTask Include="BG\06_hill2.png">
      <Filter>Textures\BG</Filter>
    </ImageContentTask>
    <ImageContentTask Include="BG\07_huge_clouds.png">
      <Filter>Textures\BG</Filter>
    </ImageContentTask>
    <ImageContentTask Include="BG\08_clouds.png">
      <Filter>Textures\BG</Filter>
    </ImageContentTask>
    <ImageContentTask Include="BG\09_distant_clouds1.png">
      <Filter>Textures\BG</Filter>
    </ImageContentTask>
    <ImageContentTask Include="BG\10_distant_clouds.png">
      <Filter>Textures\BG</Filter>
    </ImageContentTask>
    <ImageContentTask Include="BG\11_background.png">
      <Filter>Textures\BG</Filter>
    </ImageContentTask>
    <ImageContentTask Include="Button.png">
      <Filter>Textures</Filter>
    </ImageContentTask>
    <ImageContentTask Include="bullet.png">
      <Filter>Textures</Filter>
    </ImageContentTask>
    <ImageContentTask Include="sign-1.png">
      <Filter>Textures\UI</Filter>
    </ImageContentTask>
    <ImageContentTask Include="sign-2.png">
      <Filter>Textures\UI</Filter>
    </ImageContentTask>
    <ImageContentTask Include="sign-3.png">
      <Filter>Textures\UI</Filter>
    </ImageContentTask>
    <ImageContentTask Include="Rope.png">
      <Filter>Textures</Filter>
    </ImageContentTask>
  </ItemGroup>
</Project>