<?xml version="1.0" encoding="utf-8"?>
<Project ToolsVersion="4.0" xmlns="http://schemas.microsoft.com/developer/msbuild/2003">
  <ItemGroup>
    <Filter Include="Source Files">
      <UniqueIdentifier>{4FC737F1-C7A5-4376-A066-2A32D752A2FF}</UniqueIdentifier>
    </Filter>
    <Filter Include="Header Files">
      <UniqueIdentifier>{93995380-89BD-4b04-88EB-625FBE52EBFB}</UniqueIdentifier>
    </Filter>
    <Filter Include="Header Files\Common">
      <UniqueIdentifier>{140c4c48-3e6d-438b-87b4-c64ab9914c09}</UniqueIdentifier>
    </Filter>
    <Filter Include="Source Files\Common">
      <UniqueIdentifier>{1acbee99-343e-479d-89c7-407d0207bbfd}</UniqueIdentifier>
    </Filter>
    <Filter Include="Media Files">
      <UniqueIdentifier>{86ed268b-5858-4b5e-84be-60ccb8c926cd}</UniqueIdentifier>
    </Filter>
    <Filter Include="Media Files\Shaders">
      <UniqueIdentifier>{c9da4a82-bc47-4c9d-8624-acaa084e0497}</UniqueIdentifier>
    </Filter>
    <Filter Include="Assets">
      <UniqueIdentifier>{2d54ee6a-4842-465f-a24c-ea1d67bfd9cb}</UniqueIdentifier>
    </Filter>
    <Filter Include="Media Files\Shaders\CgFX">
      <UniqueIdentifier>{e7f8a01e-f7d7-4584-89e9-f99b67e2091b}</UniqueIdentifier>
    </Filter>
    <Filter Include="Media Files\Shaders\FX">
      <UniqueIdentifier>{d16309cb-640f-4966-9fe2-86a3920c0030}</UniqueIdentifier>
    </Filter>
    <Filter Include="Android">
      <UniqueIdentifier>{2f0274e4-d847-4818-9d2b-f97fafc45d31}</UniqueIdentifier>
    </Filter>
    <Filter Include="Header Files\Wrapper">
      <UniqueIdentifier>{045229d4-b6f2-4515-a006-7815943e8273}</UniqueIdentifier>
    </Filter>
    <Filter Include="Source Files\Wrapper">
      <UniqueIdentifier>{7a8791fc-b27f-4fad-af89-417922069ab4}</UniqueIdentifier>
    </Filter>
    <Filter Include="Header Files\EngineFiles">
      <UniqueIdentifier>{294c5a79-c063-4ded-94be-ef41883bf465}</UniqueIdentifier>
    </Filter>
    <Filter Include="Source Files\EngineFiles">
      <UniqueIdentifier>{e5ba333e-b683-47a5-b31d-65866e4407d2}</UniqueIdentifier>
    </Filter>
  </ItemGroup>
  <ItemGroup>
    <None Include="Readme_e.txt" />
    <PhyreAssetGatherTask Include="TextAssets.xml">
      <Filter>Assets</Filter>
    </PhyreAssetGatherTask>
    <None Include="$(SCE_PHYRE)\Media\Shaders\PhyreText.cgfx">
      <Filter>Media Files\Shaders\CgFX</Filter>
    </None>
    <None Include="$(SCE_PHYRE)\Media\Shaders\PhyreText.fx">
      <Filter>Media Files\Shaders\FX</Filter>
    </None>
  </ItemGroup>
  <ItemGroup>
    <Xml Include="AndroidManifest.xml">
      <Filter>Android</Filter>
    </Xml>
    <Xml Include="build.xml">
      <Filter>Android</Filter>
    </Xml>
    <None Include="project.properties">
      <Filter>Android</Filter>
    </None>
  </ItemGroup>
  <ItemGroup>
    <ClInclude Include="..\Common\PhyreSamplesCommonScene.h">
      <Filter>Header Files\Common</Filter>
    </ClInclude>
    <ClInclude Include="..\Common\PhyreSamplesCommon.h">
      <Filter>Header Files\Common</Filter>
    </ClInclude>
    <ClInclude Include="Code\Main.h">
      <Filter>Header Files</Filter>
    </ClInclude>
    <ClInclude Include="Code\CustomMath.h">
      <Filter>Header Files\Wrapper</Filter>
    </ClInclude>
    <ClInclude Include="Code\InputManager.h">
      <Filter>Header Files\Wrapper</Filter>
    </ClInclude>
    <ClInclude Include="Code\LevelLoader.h">
      <Filter>Header Files\Wrapper</Filter>
    </ClInclude>
    <ClInclude Include="Code\Renderer.h">
      <Filter>Header Files\Wrapper</Filter>
    </ClInclude>
    <ClInclude Include="Code\Texture.h">
      <Filter>Header Files\Wrapper</Filter>
    </ClInclude>
    <ClInclude Include="..\Main_Engine\AnimatedSprite.h">
      <Filter>Header Files\EngineFiles</Filter>
    </ClInclude>
    <ClInclude Include="..\Main_Engine\Background.h">
      <Filter>Header Files\EngineFiles</Filter>
    </ClInclude>
    <ClInclude Include="..\Main_Engine\BaseCamera.h">
      <Filter>Header Files\EngineFiles</Filter>
    </ClInclude>
    <ClInclude Include="..\Main_Engine\Button.h">
      <Filter>Header Files\EngineFiles</Filter>
    </ClInclude>
    <ClInclude Include="..\Main_Engine\Collectible.h">
      <Filter>Header Files\EngineFiles</Filter>
    </ClInclude>
    <ClInclude Include="..\Main_Engine\Collision_Manager.h">
      <Filter>Header Files\EngineFiles</Filter>
    </ClInclude>
    <ClInclude Include="..\Main_Engine\Enemy.h">
      <Filter>Header Files\EngineFiles</Filter>
    </ClInclude>
    <ClInclude Include="..\Main_Engine\Engine.h">
      <Filter>Header Files\EngineFiles</Filter>
    </ClInclude>
    <ClInclude Include="..\Main_Engine\Enum_container.h">
      <Filter>Header Files\EngineFiles</Filter>
    </ClInclude>
    <ClInclude Include="..\Main_Engine\Game_Controller.h">
      <Filter>Header Files\EngineFiles</Filter>
    </ClInclude>
    <ClInclude Include="..\Main_Engine\GameData.h">
      <Filter>Header Files\EngineFiles</Filter>
    </ClInclude>
    <ClInclude Include="..\Main_Engine\GameObject.h">
      <Filter>Header Files\EngineFiles</Filter>
    </ClInclude>
    <ClInclude Include="..\Main_Engine\GameScene.h">
      <Filter>Header Files\EngineFiles</Filter>
    </ClInclude>
    <ClInclude Include="..\Main_Engine\LevelEditor.h">
      <Filter>Header Files\EngineFiles</Filter>
    </ClInclude>
    <ClInclude Include="..\Main_Engine\MainMenu.h">
      <Filter>Header Files\EngineFiles</Filter>
    </ClInclude>
    <ClInclude Include="..\Main_Engine\Object_Factory.h">
      <Filter>Header Files\EngineFiles</Filter>
    </ClInclude>
    <ClInclude Include="..\Main_Engine\Platforms.h">
      <Filter>Header Files\EngineFiles</Filter>
    </ClInclude>
    <ClInclude Include="..\Main_Engine\Player.h">
      <Filter>Header Files\EngineFiles</Filter>
    </ClInclude>
    <ClInclude Include="..\Main_Engine\Scene.h">
      <Filter>Header Files\EngineFiles</Filter>
    </ClInclude>
    <ClInclude Include="..\Main_Engine\SceneManager.h">
      <Filter>Header Files\EngineFiles</Filter>
    </ClInclude>
    <ClInclude Include="..\Main_Engine\Sprite.h">
      <Filter>Header Files\EngineFiles</Filter>
    </ClInclude>
  </ItemGroup>
  <ItemGroup>
    <ClCompile Include="..\Common\PhyreSamplesCommonScene.cpp">
      <Filter>Source Files\Common</Filter>
    </ClCompile>
    <ClCompile Include="Code\Main.cpp">
      <Filter>Source Files</Filter>
    </ClCompile>
    <ClCompile Include="Code\InputManager.cpp">
      <Filter>Source Files\Wrapper</Filter>
    </ClCompile>
    <ClCompile Include="Code\CustomMath.cpp">
      <Filter>Source Files\Wrapper</Filter>
    </ClCompile>
    <ClCompile Include="Code\LevelLoader.cpp">
      <Filter>Source Files\Wrapper</Filter>
    </ClCompile>
    <ClCompile Include="Code\Renderer.cpp">
      <Filter>Source Files\Wrapper</Filter>
    </ClCompile>
    <ClCompile Include="Code\Texture.cpp">
      <Filter>Source Files\Wrapper</Filter>
    </ClCompile>
    <ClCompile Include="..\Main_Engine\AnimatedSprite.cpp">
      <Filter>Source Files\EngineFiles</Filter>
    </ClCompile>
    <ClCompile Include="..\Main_Engine\Background.cpp">
      <Filter>Source Files\EngineFiles</Filter>
    </ClCompile>
    <ClCompile Include="..\Main_Engine\BaseCamera.cpp">
      <Filter>Source Files\EngineFiles</Filter>
    </ClCompile>
    <ClCompile Include="..\Main_Engine\Button.cpp">
      <Filter>Source Files\EngineFiles</Filter>
    </ClCompile>
    <ClCompile Include="..\Main_Engine\Collectible.cpp">
      <Filter>Source Files\EngineFiles</Filter>
    </ClCompile>
    <ClCompile Include="..\Main_Engine\Collision_Manager.cpp">
      <Filter>Source Files\EngineFiles</Filter>
    </ClCompile>
    <ClCompile Include="..\Main_Engine\Enemy.cpp">
      <Filter>Source Files\EngineFiles</Filter>
    </ClCompile>
    <ClCompile Include="..\Main_Engine\Engine.cpp">
      <Filter>Source Files\EngineFiles</Filter>
    </ClCompile>
    <ClCompile Include="..\Main_Engine\Game_Controller.cpp">
      <Filter>Source Files\EngineFiles</Filter>
    </ClCompile>
    <ClCompile Include="..\Main_Engine\GameData.cpp">
      <Filter>Source Files\EngineFiles</Filter>
    </ClCompile>
    <ClCompile Include="..\Main_Engine\GameObject.cpp">
      <Filter>Source Files\EngineFiles</Filter>
    </ClCompile>
    <ClCompile Include="..\Main_Engine\GameScene.cpp">
      <Filter>Source Files\EngineFiles</Filter>
    </ClCompile>
    <ClCompile Include="..\Main_Engine\LevelEditor.cpp">
      <Filter>Source Files\EngineFiles</Filter>
    </ClCompile>
    <ClCompile Include="..\Main_Engine\MainMenu.cpp">
      <Filter>Source Files\EngineFiles</Filter>
    </ClCompile>
    <ClCompile Include="..\Main_Engine\Object_Factory.cpp">
      <Filter>Source Files\EngineFiles</Filter>
    </ClCompile>
    <ClCompile Include="..\Main_Engine\Platforms.cpp">
      <Filter>Source Files\EngineFiles</Filter>
    </ClCompile>
    <ClCompile Include="..\Main_Engine\Player.cpp">
      <Filter>Source Files\EngineFiles</Filter>
    </ClCompile>
    <ClCompile Include="..\Main_Engine\Scene.cpp">
      <Filter>Source Files\EngineFiles</Filter>
    </ClCompile>
    <ClCompile Include="..\Main_Engine\SceneManager.cpp">
      <Filter>Source Files\EngineFiles</Filter>
    </ClCompile>
    <ClCompile Include="..\Main_Engine\Sprite.cpp">
      <Filter>Source Files\EngineFiles</Filter>
    </ClCompile>
  </ItemGroup>
</Project>